
Microsoft Visual Studio Solution File, Format Version 12.00
# Visual Studio Version 17
VisualStudioVersion = 17.14.36429.23 d17.14
MinimumVisualStudioVersion = 10.0.40219.1
Project("{8BC9CEB8-8B4A-11D0-8D11-00A0C91BC942}") = "Project23", "Project23\Project23.vcxproj", "{F16CB829-F73D-4118-8088-B845508A9388}"
EndProject
Global
	GlobalSection(SolutionConfigurationPlatforms) = preSolution
		Debug|x64 = Debug|x64
		Debug|x86 = Debug|x86
		Release|x64 = Release|x64
		Release|x86 = Release|x86
	EndGlobalSection
	GlobalSection(ProjectConfigurationPlatforms) = postSolution
		{F16CB829-F73D-4118-8088-B845508A9388}.Debug|x64.ActiveCfg = Debug|x64
		{F16CB829-F73D-4118-8088-B845508A9388}.Debug|x64.Build.0 = Debug|x64
		{F16CB829-F73D-4118-8088-B845508A9388}.Debug|x86.ActiveCfg = Debug|Win32
		{F16CB829-F73D-4118-8088-B845508A9388}.Debug|x86.Build.0 = Debug|Win32
		{F16CB829-F73D-4118-8088-B845508A9388}.Release|x64.ActiveCfg = Release|x64
		{F16CB829-F73D-4118-8088-B845508A9388}.Release|x64.Build.0 = Release|x64
		{F16CB829-F73D-4118-8088-B845508A9388}.Release|x86.ActiveCfg = Release|Win32
		{F16CB829-F73D-4118-8088-B845508A9388}.Release|x86.Build.0 = Release|Win32
	EndGlobalSection
	GlobalSection(SolutionProperties) = preSolution
		HideSolutionNode = FALSE
	EndGlobalSection
	GlobalSection(ExtensibilityGlobals) = postSolution
		SolutionGuid = {C6B0DF86-348B-4861-8D41-34F6C427A601}
	EndGlobalSection
EndGlobal
